
Microsoft Visual Studio Solution File, Format Version 12.00
# Visual Studio 15
VisualStudioVersion = 15.0.26403.7
MinimumVisualStudioVersion = 10.0.40219.1
Project("{FAE04EC0-301F-11D3-BF4B-00C04F79EFBC}") = "TicTacToe.Core", "TicTacToe.Core\TicTacToe.Core.csproj", "{7CAF2A06-EA4F-49EE-8DAD-D3770DF81F14}"
EndProject
Project("{FAE04EC0-301F-11D3-BF4B-00C04F79EFBC}") = "TicTacToe.Core.Tests", "TicTacToe.Core.Tests\TicTacToe.Core.Tests.csproj", "{C0F61DA8-D435-41A5-B7F3-0535BFE23CCE}"
EndProject
Project("{FAE04EC0-301F-11D3-BF4B-00C04F79EFBC}") = "TicTacToe.UI", "TicTacToe.UI\TicTacToe.UI.csproj", "{D293B7EC-24A4-4BE2-971E-3D56FC378268}"
EndProject
Project("{FAE04EC0-301F-11D3-BF4B-00C04F79EFBC}") = "TicTacToe.Core.Mocks", "TicTacToe.Core.Mocks\TicTacToe.Core.Mocks.csproj", "{8AF6CF5E-E990-4428-A6DB-E57591E37A6B}"
EndProject
Project("{FAE04EC0-301F-11D3-BF4B-00C04F79EFBC}") = "Project.Utilities", "Project.Utilities\Project.Utilities.csproj", "{447FB026-DDC1-4181-A7D5-2788A75155DE}"
EndProject
Project("{FAE04EC0-301F-11D3-BF4B-00C04F79EFBC}") = "Test.Utilities", "Test.Utilities\Test.Utilities.csproj", "{5302CF1F-825A-44CA-8DCB-3AB1022720A7}"
EndProject
Project("{2150E333-8FDC-42A3-9474-1A3956D46DE8}") = "Solution Items", "Solution Items", "{C5AF9BFB-AE47-4B55-987C-54455E8AA15F}"
	ProjectSection(SolutionItems) = preProject
		CodeCoverage.runsettings = CodeCoverage.runsettings
	EndProjectSection
EndProject
Project("{FAE04EC0-301F-11D3-BF4B-00C04F79EFBC}") = "Project.Mocks", "Project.Mocks\Project.Mocks.csproj", "{7E4D1625-2D9A-4054-91FA-A8B8A08A2C6B}"
EndProject
Global
	GlobalSection(SolutionConfigurationPlatforms) = preSolution
		Debug|Any CPU = Debug|Any CPU
		Release|Any CPU = Release|Any CPU
	EndGlobalSection
	GlobalSection(ProjectConfigurationPlatforms) = postSolution
		{7CAF2A06-EA4F-49EE-8DAD-D3770DF81F14}.Debug|Any CPU.ActiveCfg = Debug|Any CPU
		{7CAF2A06-EA4F-49EE-8DAD-D3770DF81F14}.Debug|Any CPU.Build.0 = Debug|Any CPU
		{7CAF2A06-EA4F-49EE-8DAD-D3770DF81F14}.Release|Any CPU.ActiveCfg = Release|Any CPU
		{7CAF2A06-EA4F-49EE-8DAD-D3770DF81F14}.Release|Any CPU.Build.0 = Release|Any CPU
		{C0F61DA8-D435-41A5-B7F3-0535BFE23CCE}.Debug|Any CPU.ActiveCfg = Debug|Any CPU
		{C0F61DA8-D435-41A5-B7F3-0535BFE23CCE}.Debug|Any CPU.Build.0 = Debug|Any CPU
		{C0F61DA8-D435-41A5-B7F3-0535BFE23CCE}.Release|Any CPU.ActiveCfg = Release|Any CPU
		{C0F61DA8-D435-41A5-B7F3-0535BFE23CCE}.Release|Any CPU.Build.0 = Release|Any CPU
		{D293B7EC-24A4-4BE2-971E-3D56FC378268}.Debug|Any CPU.ActiveCfg = Debug|Any CPU
		{D293B7EC-24A4-4BE2-971E-3D56FC378268}.Debug|Any CPU.Build.0 = Debug|Any CPU
		{D293B7EC-24A4-4BE2-971E-3D56FC378268}.Release|Any CPU.ActiveCfg = Release|Any CPU
		{D293B7EC-24A4-4BE2-971E-3D56FC378268}.Release|Any CPU.Build.0 = Release|Any CPU
		{8AF6CF5E-E990-4428-A6DB-E57591E37A6B}.Debug|Any CPU.ActiveCfg = Debug|Any CPU
		{8AF6CF5E-E990-4428-A6DB-E57591E37A6B}.Debug|Any CPU.Build.0 = Debug|Any CPU
		{8AF6CF5E-E990-4428-A6DB-E57591E37A6B}.Release|Any CPU.ActiveCfg = Release|Any CPU
		{8AF6CF5E-E990-4428-A6DB-E57591E37A6B}.Release|Any CPU.Build.0 = Release|Any CPU
		{447FB026-DDC1-4181-A7D5-2788A75155DE}.Debug|Any CPU.ActiveCfg = Debug|Any CPU
		{447FB026-DDC1-4181-A7D5-2788A75155DE}.Debug|Any CPU.Build.0 = Debug|Any CPU
		{447FB026-DDC1-4181-A7D5-2788A75155DE}.Release|Any CPU.ActiveCfg = Release|Any CPU
		{447FB026-DDC1-4181-A7D5-2788A75155DE}.Release|Any CPU.Build.0 = Release|Any CPU
		{5302CF1F-825A-44CA-8DCB-3AB1022720A7}.Debug|Any CPU.ActiveCfg = Debug|Any CPU
		{5302CF1F-825A-44CA-8DCB-3AB1022720A7}.Debug|Any CPU.Build.0 = Debug|Any CPU
		{5302CF1F-825A-44CA-8DCB-3AB1022720A7}.Release|Any CPU.ActiveCfg = Release|Any CPU
		{5302CF1F-825A-44CA-8DCB-3AB1022720A7}.Release|Any CPU.Build.0 = Release|Any CPU
		{7E4D1625-2D9A-4054-91FA-A8B8A08A2C6B}.Debug|Any CPU.ActiveCfg = Debug|Any CPU
		{7E4D1625-2D9A-4054-91FA-A8B8A08A2C6B}.Debug|Any CPU.Build.0 = Debug|Any CPU
		{7E4D1625-2D9A-4054-91FA-A8B8A08A2C6B}.Release|Any CPU.ActiveCfg = Release|Any CPU
		{7E4D1625-2D9A-4054-91FA-A8B8A08A2C6B}.Release|Any CPU.Build.0 = Release|Any CPU
	EndGlobalSection
	GlobalSection(SolutionProperties) = preSolution
		HideSolutionNode = FALSE
	EndGlobalSection
EndGlobal
